
Microsoft Visual Studio Solution File, Format Version 12.00
# Visual Studio Version 17
VisualStudioVersion = 17.8.34330.188
MinimumVisualStudioVersion = 10.0.40219.1
Project("{FAE04EC0-301F-11D3-BF4B-00C04F79EFBC}") = "ConsoleClient", "ConsoleClient.csproj", "{636C61A9-1DD8-48DD-B195-14C9993864AF}"
EndProject
Global
	GlobalSection(SolutionConfigurationPlatforms) = preSolution
		Debug|Any CPU = Debug|Any CPU
		Release|Any CPU = Release|Any CPU
	EndGlobalSection
	GlobalSection(ProjectConfigurationPlatforms) = postSolution
		{636C61A9-1DD8-48DD-B195-14C9993864AF}.Debug|Any CPU.ActiveCfg = Debug|Any CPU
		{636C61A9-1DD8-48DD-B195-14C9993864AF}.Debug|Any CPU.Build.0 = Debug|Any CPU
		{636C61A9-1DD8-48DD-B195-14C9993864AF}.Release|Any CPU.ActiveCfg = Release|Any CPU
		{636C61A9-1DD8-48DD-B195-14C9993864AF}.Release|Any CPU.Build.0 = Release|Any CPU
	EndGlobalSection
	GlobalSection(SolutionProperties) = preSolution
		HideSolutionNode = FALSE
	EndGlobalSection
	GlobalSection(ExtensibilityGlobals) = postSolution
		SolutionGuid = {0287B09E-5AA3-42C7-BD67-C4D23BA1BFAD}
	EndGlobalSection
EndGlobal
